{
  "object": {
    "pins": [
      {
        "package": "AppArchitecture",
        "repositoryURL": "https://github.com/jeremyabannister/AppArchitecture",
        "state": {
          "branch": null,
          "revision": "89d681e3f687e60c50675201552cc3a9663a0ddc",
          "version": "0.1.0"
        }
      },
      {
        "package": "CoreToolkit",
        "repositoryURL": "https://github.com/jeremyabannister/CoreToolkit",
        "state": {
          "branch": null,
          "revision": "44ee9603e8f403d10b72e846bb7f3df3815e2d3f",
          "version": "0.2.0"
        }
      },
      {
        "package": "DateToolkit",
        "repositoryURL": "https://github.com/jeremyabannister/DateToolkit",
        "state": {
          "branch": null,
          "revision": "a266611d5d205b4a98e3748e2614d63efd01520d",
          "version": "0.1.8"
        }
      }
    ]
  },
  "version": 1
}
