{
  "pins" : [
    {
      "identity" : "collection-sorted-by-keypath",
      "kind" : "remoteSourceControl",
      "location" : "https://github.com/jeremyabannister/Collection-sorted-by-KeyPath",
      "state" : {
        "revision" : "db64804d5698ddc7428232b1f2b9b02de16aca01",
        "version" : "0.1.2"
      }
    },
    {
      "identity" : "collectionconcurrencykit",
      "kind" : "remoteSourceControl",
      "location" : "https://github.com/jeremyabannister/CollectionConcurrencyKit",
      "state" : {
        "revision" : "02850715b75e6cf27b0994687c7988d4ccd9b899",
        "version" : "0.2.3"
      }
    },
    {
      "identity" : "dummymodule",
      "kind" : "remoteSourceControl",
      "location" : "https://github.com/jeremyabannister/DummyModule",
      "state" : {
        "revision" : "ac22680abf1e4e7916c5abf53227395f51470bb1",
        "version" : "0.1.0"
      }
    },
    {
      "identity" : "eagerorlazy-module",
      "kind" : "remoteSourceControl",
      "location" : "https://github.com/jeremyabannister/EagerOrLazy-module",
      "state" : {
        "revision" : "da0bf7127597e48f141a00f5f673c31831ef8544",
        "version" : "0.1.1"
      }
    },
    {
      "identity" : "emptycodablemodule",
      "kind" : "remoteSourceControl",
      "location" : "https://github.com/jeremyabannister/EmptyCodableModule",
      "state" : {
        "revision" : "d8767f225c31dae6efce8e8b128611b0530a343e",
        "version" : "0.1.0"
      }
    },
    {
      "identity" : "errormessage",
      "kind" : "remoteSourceControl",
      "location" : "https://github.com/jeremyabannister/ErrorMessage",
      "state" : {
        "revision" : "a0b253ecbfcc8035e88e26f3b4f841ec0fe9a03d",
        "version" : "0.1.2"
      }
    },
    {
      "identity" : "expressionergonomics",
      "kind" : "remoteSourceControl",
      "location" : "https://github.com/jeremyabannister/ExpressionErgonomics",
      "state" : {
        "revision" : "d551b16edeb6d64a96b797b1c9f698a36e0d98ba",
        "version" : "0.2.9"
      }
    },
    {
      "identity" : "foundationtoolkit",
      "kind" : "remoteSourceControl",
      "location" : "https://github.com/jeremyabannister/FoundationToolkit",
      "state" : {
        "revision" : "69015e07b20ca936b65937e52b1e87cf927fbc49",
        "version" : "0.3.2"
      }
    },
    {
      "identity" : "jsonliterals",
      "kind" : "remoteSourceControl",
      "location" : "https://github.com/jeremyabannister/JSONLiterals",
      "state" : {
        "revision" : "4b0586ed52ff954db4fd51faeaf922a548f79902",
        "version" : "0.1.0"
      }
    },
    {
      "identity" : "notdone",
      "kind" : "remoteSourceControl",
      "location" : "https://github.com/jeremyabannister/NOTDONE",
      "state" : {
        "revision" : "b69d8d7e471423ba18cf3edafbbec89573f69f16",
        "version" : "0.1.0"
      }
    },
    {
      "identity" : "propervaluetype",
      "kind" : "remoteSourceControl",
      "location" : "https://github.com/jeremyabannister/ProperValueType",
      "state" : {
        "revision" : "fff4702852d0658676da1896c93625e7ff4b0f7d",
        "version" : "0.1.0"
      }
    },
    {
      "identity" : "referencetype",
      "kind" : "remoteSourceControl",
      "location" : "https://github.com/jeremyabannister/ReferenceType",
      "state" : {
        "revision" : "df906ebeb31f2de16e3cf6b0bc38dc903fee8361",
        "version" : "0.1.1"
      }
    },
    {
      "identity" : "testable",
      "kind" : "remoteSourceControl",
      "location" : "https://github.com/jeremyabannister/Testable",
      "state" : {
        "revision" : "5eb6bfd344bbf0fea93cf59027a13dcb52825a47",
        "version" : "0.1.2"
      }
    },
    {
      "identity" : "verboseequatable",
      "kind" : "remoteSourceControl",
      "location" : "https://github.com/jeremyabannister/VerboseEquatable",
      "state" : {
        "revision" : "1cc7ee4342ab5b5f6c1a2e6581fee21d2fb5ea42",
        "version" : "0.1.4"
      }
    },
    {
      "identity" : "testable-module",
      "kind" : "remoteSourceControl",
      "location" : "https://github.com/jeremyabannister/Testable-module",
      "state" : {
        "revision" : "9753ede3ff6a8488e11fe9184feffbd7ddeecc3c",
        "version" : "0.1.1"
      }
    },
    {
      "identity" : "textblockmodule",
      "kind" : "remoteSourceControl",
      "location" : "https://github.com/jeremyabannister/TextBlockModule",
      "state" : {
        "revision" : "9365782f3ba500e6ea877a51c0f11e61976ac161",
        "version" : "0.3.3"
      }
    },
    {
      "identity" : "unwraporthrowoperator",
      "kind" : "remoteSourceControl",
      "location" : "https://github.com/jeremyabannister/UnwrapOrThrowOperator",
      "state" : {
        "revision" : "46dd4617959c8028e0af6916d839565d40f1ef2c",
        "version" : "0.1.6"
      }
    },
    {
      "identity" : "verboseequatable-module",
      "kind" : "remoteSourceControl",
      "location" : "https://github.com/jeremyabannister/VerboseEquatable-module",
      "state" : {
        "revision" : "14fab6b18aad5fc80e2119465515d358c343ca26",
        "version" : "0.1.0"
      }
    },
    {
      "identity" : "xctesttoolkit",
      "kind" : "remoteSourceControl",
      "location" : "https://github.com/jeremyabannister/XCTestToolkit",
      "state" : {
        "revision" : "b564a62731a30b434d110b8d43775707a15dd227",
        "version" : "0.1.3"
      }
    }
  ],
  "version" : 2
}
